
Microsoft Visual Studio Solution File, Format Version 12.00
# Visual Studio Version 16
VisualStudioVersion = 16.0.30330.147
MinimumVisualStudioVersion = 10.0.40219.1
Project("{FAE04EC0-301F-11D3-BF4B-00C04F79EFBC}") = "Client", "Client\Client.csproj", "{75E82B42-9FCD-4FF4-B335-97CD879C63E2}"
EndProject
Project("{FAE04EC0-301F-11D3-BF4B-00C04F79EFBC}") = "Server", "Server\Server.csproj", "{94999CF5-9101-4A69-9118-3AD19AB3BCD4}"
EndProject
Global
	GlobalSection(SolutionConfigurationPlatforms) = preSolution
		Debug|Any CPU = Debug|Any CPU
		Release|Any CPU = Release|Any CPU
	EndGlobalSection
	GlobalSection(ProjectConfigurationPlatforms) = postSolution
		{75E82B42-9FCD-4FF4-B335-97CD879C63E2}.Debug|Any CPU.ActiveCfg = Debug|Any CPU
		{75E82B42-9FCD-4FF4-B335-97CD879C63E2}.Debug|Any CPU.Build.0 = Debug|Any CPU
		{75E82B42-9FCD-4FF4-B335-97CD879C63E2}.Release|Any CPU.ActiveCfg = Release|Any CPU
		{75E82B42-9FCD-4FF4-B335-97CD879C63E2}.Release|Any CPU.Build.0 = Release|Any CPU
		{94999CF5-9101-4A69-9118-3AD19AB3BCD4}.Debug|Any CPU.ActiveCfg = Debug|Any CPU
		{94999CF5-9101-4A69-9118-3AD19AB3BCD4}.Debug|Any CPU.Build.0 = Debug|Any CPU
		{94999CF5-9101-4A69-9118-3AD19AB3BCD4}.Release|Any CPU.ActiveCfg = Release|Any CPU
		{94999CF5-9101-4A69-9118-3AD19AB3BCD4}.Release|Any CPU.Build.0 = Release|Any CPU
	EndGlobalSection
	GlobalSection(SolutionProperties) = preSolution
		HideSolutionNode = FALSE
	EndGlobalSection
	GlobalSection(ExtensibilityGlobals) = postSolution
		SolutionGuid = {194009B8-8FA7-4A14-A8F7-1B6CDA3AE1B7}
	EndGlobalSection
EndGlobal
